<?xml version="1.0" encoding="utf-8"?>
<Project ToolsVersion="4.0" xmlns="http://schemas.microsoft.com/developer/msbuild/2003">
  <ItemGroup>
    <Filter Include="Source Files">
      <UniqueIdentifier>{4FC737F1-C7A5-4376-A066-2A32D752A2FF}</UniqueIdentifier>
      <Extensions>cpp;c;cc;cxx;c++;cppm;ixx;def;odl;idl;hpj;bat;asm;asmx</Extensions>
    </Filter>
    <Filter Include="Header Files">
      <UniqueIdentifier>{93995380-89BD-4b04-88EB-625FBE52EBFB}</UniqueIdentifier>
      <Extensions>h;hh;hpp;hxx;h++;hm;inl;inc;ipp;xsd</Extensions>
    </Filter>
    <Filter Include="Resource Files">
      <UniqueIdentifier>{67DA6AB6-F800-4c08-8B7A-83BB121AAD01}</UniqueIdentifier>
      <Extensions>rc;ico;cur;bmp;dlg;rc2;rct;bin;rgs;gif;jpg;jpeg;jpe;resx;tiff;tif;png;wav;mfcribbon-ms</Extensions>
    </Filter>
    <Filter Include="Application">
      <UniqueIdentifier>{69a77230-583b-4704-b6fb-3f8eb1b88a2e}</UniqueIdentifier>
    </Filter>
    <Filter Include="Card">
      <UniqueIdentifier>{7c59636d-95df-4741-9d94-b7aa9d445438}</UniqueIdentifier>
    </Filter>
    <Filter Include="Terminal">
      <UniqueIdentifier>{557edf3f-4d6e-4012-93e1-6d3c7d07ca76}</UniqueIdentifier>
    </Filter>
    <Filter Include="Server">
      <UniqueIdentifier>{c65819d1-3049-4fcf-b364-d1d88d530cb7}</UniqueIdentifier>
    </Filter>
  </ItemGroup>
  <ItemGroup>
    <ClCompile Include="main.c">
      <Filter>Source Files</Filter>
    </ClCompile>
    <ClCompile Include="app.c">
      <Filter>Application</Filter>
    </ClCompile>
    <ClCompile Include="card.c">
      <Filter>Card</Filter>
    </ClCompile>
    <ClCompile Include="server.c">
      <Filter>Server</Filter>
    </ClCompile>
    <ClCompile Include="terminal.c">
      <Filter>Terminal</Filter>
    </ClCompile>
  </ItemGroup>
  <ItemGroup>
    <ClInclude Include="app.h">
      <Filter>Application</Filter>
    </ClInclude>
    <ClInclude Include="card.h">
      <Filter>Card</Filter>
    </ClInclude>
    <ClInclude Include="server.h">
      <Filter>Server</Filter>
    </ClInclude>
    <ClInclude Include="terminal.h">
      <Filter>Terminal</Filter>
    </ClInclude>
    <ClInclude Include="std_header.h">
      <Filter>Header Files</Filter>
    </ClInclude>
  </ItemGroup>
</Project>